
Microsoft Visual Studio Solution File, Format Version 12.00
# Visual Studio 14
VisualStudioVersion = 14.0.25420.1
MinimumVisualStudioVersion = 10.0.40219.1
Project("{2150E333-8FDC-42A3-9474-1A3956D46DE8}") = "Engine", "Engine", "{18B9258E-6B02-4834-9FBD-266A2B8F42A8}"
EndProject
Project("{2150E333-8FDC-42A3-9474-1A3956D46DE8}") = "Games", "Games", "{87D9CB43-D269-46FC-854F-42DB3D15F473}"
EndProject
Project("{8BC9CEB8-8B4A-11D0-8D11-00A0C91BC942}") = "UE4", "Intermediate\ProjectFiles\UE4.vcxproj", "{1B51566A-B9E1-4D52-804C-289563FE109B}"
EndProject
Project("{8BC9CEB8-8B4A-11D0-8D11-00A0C91BC942}") = "BuildingEscape", "Intermediate\ProjectFiles\BuildingEscape.vcxproj", "{964A84E5-8C57-4BC0-9B30-3226644DC0AA}"
EndProject
Global
	GlobalSection(SolutionConfigurationPlatforms) = preSolution
		DebugGame Editor|HTML5 = DebugGame Editor|HTML5
		DebugGame Editor|Win32 = DebugGame Editor|Win32
		DebugGame Editor|Win64 = DebugGame Editor|Win64
		DebugGame|HTML5 = DebugGame|HTML5
		DebugGame|Win32 = DebugGame|Win32
		DebugGame|Win64 = DebugGame|Win64
		Development Editor|HTML5 = Development Editor|HTML5
		Development Editor|Win32 = Development Editor|Win32
		Development Editor|Win64 = Development Editor|Win64
		Development|HTML5 = Development|HTML5
		Development|Win32 = Development|Win32
		Development|Win64 = Development|Win64
		Shipping|HTML5 = Shipping|HTML5
		Shipping|Win32 = Shipping|Win32
		Shipping|Win64 = Shipping|Win64
	EndGlobalSection
	GlobalSection(ProjectConfigurationPlatforms) = postSolution
		{1B51566A-B9E1-4D52-804C-289563FE109B}.DebugGame Editor|HTML5.ActiveCfg = BuiltWithUnrealBuildTool|Win32
		{1B51566A-B9E1-4D52-804C-289563FE109B}.DebugGame Editor|HTML5.Build.0 = BuiltWithUnrealBuildTool|Win32
		{1B51566A-B9E1-4D52-804C-289563FE109B}.DebugGame Editor|Win32.ActiveCfg = BuiltWithUnrealBuildTool|Win32
		{1B51566A-B9E1-4D52-804C-289563FE109B}.DebugGame Editor|Win32.Build.0 = BuiltWithUnrealBuildTool|Win32
		{1B51566A-B9E1-4D52-804C-289563FE109B}.DebugGame Editor|Win64.ActiveCfg = BuiltWithUnrealBuildTool|Win32
		{1B51566A-B9E1-4D52-804C-289563FE109B}.DebugGame Editor|Win64.Build.0 = BuiltWithUnrealBuildTool|Win32
		{1B51566A-B9E1-4D52-804C-289563FE109B}.DebugGame|HTML5.ActiveCfg = BuiltWithUnrealBuildTool|Win32
		{1B51566A-B9E1-4D52-804C-289563FE109B}.DebugGame|HTML5.Build.0 = BuiltWithUnrealBuildTool|Win32
		{1B51566A-B9E1-4D52-804C-289563FE109B}.DebugGame|Win32.ActiveCfg = BuiltWithUnrealBuildTool|Win32
		{1B51566A-B9E1-4D52-804C-289563FE109B}.DebugGame|Win32.Build.0 = BuiltWithUnrealBuildTool|Win32
		{1B51566A-B9E1-4D52-804C-289563FE109B}.DebugGame|Win64.ActiveCfg = BuiltWithUnrealBuildTool|Win32
		{1B51566A-B9E1-4D52-804C-289563FE109B}.DebugGame|Win64.Build.0 = BuiltWithUnrealBuildTool|Win32
		{1B51566A-B9E1-4D52-804C-289563FE109B}.Development Editor|HTML5.ActiveCfg = BuiltWithUnrealBuildTool|Win32
		{1B51566A-B9E1-4D52-804C-289563FE109B}.Development Editor|HTML5.Build.0 = BuiltWithUnrealBuildTool|Win32
		{1B51566A-B9E1-4D52-804C-289563FE109B}.Development Editor|Win32.ActiveCfg = BuiltWithUnrealBuildTool|Win32
		{1B51566A-B9E1-4D52-804C-289563FE109B}.Development Editor|Win32.Build.0 = BuiltWithUnrealBuildTool|Win32
		{1B51566A-B9E1-4D52-804C-289563FE109B}.Development Editor|Win64.ActiveCfg = BuiltWithUnrealBuildTool|Win32
		{1B51566A-B9E1-4D52-804C-289563FE109B}.Development Editor|Win64.Build.0 = BuiltWithUnrealBuildTool|Win32
		{1B51566A-B9E1-4D52-804C-289563FE109B}.Development|HTML5.ActiveCfg = BuiltWithUnrealBuildTool|Win32
		{1B51566A-B9E1-4D52-804C-289563FE109B}.Development|HTML5.Build.0 = BuiltWithUnrealBuildTool|Win32
		{1B51566A-B9E1-4D52-804C-289563FE109B}.Development|Win32.ActiveCfg = BuiltWithUnrealBuildTool|Win32
		{1B51566A-B9E1-4D52-804C-289563FE109B}.Development|Win32.Build.0 = BuiltWithUnrealBuildTool|Win32
		{1B51566A-B9E1-4D52-804C-289563FE109B}.Development|Win64.ActiveCfg = BuiltWithUnrealBuildTool|Win32
		{1B51566A-B9E1-4D52-804C-289563FE109B}.Development|Win64.Build.0 = BuiltWithUnrealBuildTool|Win32
		{1B51566A-B9E1-4D52-804C-289563FE109B}.Shipping|HTML5.ActiveCfg = BuiltWithUnrealBuildTool|Win32
		{1B51566A-B9E1-4D52-804C-289563FE109B}.Shipping|HTML5.Build.0 = BuiltWithUnrealBuildTool|Win32
		{1B51566A-B9E1-4D52-804C-289563FE109B}.Shipping|Win32.ActiveCfg = BuiltWithUnrealBuildTool|Win32
		{1B51566A-B9E1-4D52-804C-289563FE109B}.Shipping|Win32.Build.0 = BuiltWithUnrealBuildTool|Win32
		{1B51566A-B9E1-4D52-804C-289563FE109B}.Shipping|Win64.ActiveCfg = BuiltWithUnrealBuildTool|Win32
		{1B51566A-B9E1-4D52-804C-289563FE109B}.Shipping|Win64.Build.0 = BuiltWithUnrealBuildTool|Win32
		{964A84E5-8C57-4BC0-9B30-3226644DC0AA}.DebugGame Editor|HTML5.ActiveCfg = HTML5_DebugGame_Editor|Win32
		{964A84E5-8C57-4BC0-9B30-3226644DC0AA}.DebugGame Editor|Win32.ActiveCfg = DebugGame_Editor|Win32
		{964A84E5-8C57-4BC0-9B30-3226644DC0AA}.DebugGame Editor|Win64.ActiveCfg = DebugGame_Editor|x64
		{964A84E5-8C57-4BC0-9B30-3226644DC0AA}.DebugGame Editor|Win64.Build.0 = DebugGame_Editor|x64
		{964A84E5-8C57-4BC0-9B30-3226644DC0AA}.DebugGame|HTML5.ActiveCfg = HTML5_DebugGame_Game|Win32
		{964A84E5-8C57-4BC0-9B30-3226644DC0AA}.DebugGame|HTML5.Build.0 = HTML5_DebugGame_Game|Win32
		{964A84E5-8C57-4BC0-9B30-3226644DC0AA}.DebugGame|Win32.ActiveCfg = DebugGame_Game|Win32
		{964A84E5-8C57-4BC0-9B30-3226644DC0AA}.DebugGame|Win32.Build.0 = DebugGame_Game|Win32
		{964A84E5-8C57-4BC0-9B30-3226644DC0AA}.DebugGame|Win64.ActiveCfg = DebugGame_Game|x64
		{964A84E5-8C57-4BC0-9B30-3226644DC0AA}.DebugGame|Win64.Build.0 = DebugGame_Game|x64
		{964A84E5-8C57-4BC0-9B30-3226644DC0AA}.Development Editor|HTML5.ActiveCfg = HTML5_Development_Editor|Win32
		{964A84E5-8C57-4BC0-9B30-3226644DC0AA}.Development Editor|Win32.ActiveCfg = Development_Editor|Win32
		{964A84E5-8C57-4BC0-9B30-3226644DC0AA}.Development Editor|Win64.ActiveCfg = Development_Editor|x64
		{964A84E5-8C57-4BC0-9B30-3226644DC0AA}.Development Editor|Win64.Build.0 = Development_Editor|x64
		{964A84E5-8C57-4BC0-9B30-3226644DC0AA}.Development|HTML5.ActiveCfg = HTML5_Development_Game|Win32
		{964A84E5-8C57-4BC0-9B30-3226644DC0AA}.Development|HTML5.Build.0 = HTML5_Development_Game|Win32
		{964A84E5-8C57-4BC0-9B30-3226644DC0AA}.Development|Win32.ActiveCfg = Development_Game|Win32
		{964A84E5-8C57-4BC0-9B30-3226644DC0AA}.Development|Win32.Build.0 = Development_Game|Win32
		{964A84E5-8C57-4BC0-9B30-3226644DC0AA}.Development|Win64.ActiveCfg = Development_Game|x64
		{964A84E5-8C57-4BC0-9B30-3226644DC0AA}.Development|Win64.Build.0 = Development_Game|x64
		{964A84E5-8C57-4BC0-9B30-3226644DC0AA}.Shipping|HTML5.ActiveCfg = HTML5_Shipping_Game|Win32
		{964A84E5-8C57-4BC0-9B30-3226644DC0AA}.Shipping|HTML5.Build.0 = HTML5_Shipping_Game|Win32
		{964A84E5-8C57-4BC0-9B30-3226644DC0AA}.Shipping|Win32.ActiveCfg = Shipping_Game|Win32
		{964A84E5-8C57-4BC0-9B30-3226644DC0AA}.Shipping|Win32.Build.0 = Shipping_Game|Win32
		{964A84E5-8C57-4BC0-9B30-3226644DC0AA}.Shipping|Win64.ActiveCfg = Shipping_Game|x64
		{964A84E5-8C57-4BC0-9B30-3226644DC0AA}.Shipping|Win64.Build.0 = Shipping_Game|x64
	EndGlobalSection
	GlobalSection(SolutionProperties) = preSolution
		HideSolutionNode = FALSE
	EndGlobalSection
	GlobalSection(NestedProjects) = preSolution
		{1B51566A-B9E1-4D52-804C-289563FE109B} = {18B9258E-6B02-4834-9FBD-266A2B8F42A8}
		{964A84E5-8C57-4BC0-9B30-3226644DC0AA} = {87D9CB43-D269-46FC-854F-42DB3D15F473}
	EndGlobalSection
EndGlobal
